// !$*UTF8*$!
{
	archiveVersion = 1;
	classes = {
	};
	objectVersion = 55;
	objects = {

/* Begin PBXBuildFile section */
		139FC9CB2A2880E300723272 /* dolist4App.swift in Sources */ = {isa = PBXBuildFile; fileRef = 139FC9CA2A2880E300723272 /* dolist4App.swift */; };
		139FC9CD2A2880E300723272 /* ContentView.swift in Sources */ = {isa = PBXBuildFile; fileRef = 139FC9CC2A2880E300723272 /* ContentView.swift */; };
		139FC9CF2A2880E400723272 /* Assets.xcassets in Resources */ = {isa = PBXBuildFile; fileRef = 139FC9CE2A2880E400723272 /* Assets.xcassets */; };
		139FC9D22A2880E400723272 /* Preview Assets.xcassets in Resources */ = {isa = PBXBuildFile; fileRef = 139FC9D12A2880E400723272 /* Preview Assets.xcassets */; };
		139FC9DC2A2880E400723272 /* dolist4Tests.swift in Sources */ = {isa = PBXBuildFile; fileRef = 139FC9DB2A2880E400723272 /* dolist4Tests.swift */; };
		139FC9E62A2880E400723272 /* dolist4UITests.swift in Sources */ = {isa = PBXBuildFile; fileRef = 139FC9E52A2880E400723272 /* dolist4UITests.swift */; };
		139FC9E82A2880E400723272 /* dolist4UITestsLaunchTests.swift in Sources */ = {isa = PBXBuildFile; fileRef = 139FC9E72A2880E400723272 /* dolist4UITestsLaunchTests.swift */; };
		139FC9F62A28810D00723272 /* CoreLocation.framework in Frameworks */ = {isa = PBXBuildFile; fileRef = 139FC9F52A28810D00723272 /* CoreLocation.framework */; };
/* End PBXBuildFile section */

/* Begin PBXContainerItemProxy section */
		139FC9D82A2880E400723272 /* PBXContainerItemProxy */ = {
			isa = PBXContainerItemProxy;
			containerPortal = 139FC9BF2A2880E200723272 /* Project object */;
			proxyType = 1;
			remoteGlobalIDString = 139FC9C62A2880E300723272;
			remoteInfo = dolist4;
		};
		139FC9E22A2880E400723272 /* PBXContainerItemProxy */ = {
			isa = PBXContainerItemProxy;
			containerPortal = 139FC9BF2A2880E200723272 /* Project object */;
			proxyType = 1;
			remoteGlobalIDString = 139FC9C62A2880E300723272;
			remoteInfo = dolist4;
		};
/* End PBXContainerItemProxy section */

/* Begin PBXFileReference section */
		139FC9C72A2880E300723272 /* dolist4.app */ = {isa = PBXFileReference; explicitFileType = wrapper.application; includeInIndex = 0; path = dolist4.app; sourceTree = BUILT_PRODUCTS_DIR; };
		139FC9CA2A2880E300723272 /* dolist4App.swift */ = {isa = PBXFileReference; lastKnownFileType = sourcecode.swift; path = dolist4App.swift; sourceTree = "<group>"; };
		139FC9CC2A2880E300723272 /* ContentView.swift */ = {isa = PBXFileReference; lastKnownFileType = sourcecode.swift; path = ContentView.swift; sourceTree = "<group>"; };
		139FC9CE2A2880E400723272 /* Assets.xcassets */ = {isa = PBXFileReference; lastKnownFileType = folder.assetcatalog; path = Assets.xcassets; sourceTree = "<group>"; };
		139FC9D12A2880E400723272 /* Preview Assets.xcassets */ = {isa = PBXFileReference; lastKnownFileType = folder.assetcatalog; path = "Preview Assets.xcassets"; sourceTree = "<group>"; };
		139FC9D72A2880E400723272 /* dolist4Tests.xctest */ = {isa = PBXFileReference; explicitFileType = wrapper.cfbundle; includeInIndex = 0; path = dolist4Tests.xctest; sourceTree = BUILT_PRODUCTS_DIR; };
		139FC9DB2A2880E400723272 /* dolist4Tests.swift */ = {isa = PBXFileReference; lastKnownFileType = sourcecode.swift; path = dolist4Tests.swift; sourceTree = "<group>"; };
		139FC9E12A2880E400723272 /* dolist4UITests.xctest */ = {isa = PBXFileReference; explicitFileType = wrapper.cfbundle; includeInIndex = 0; path = dolist4UITests.xctest; sourceTree = BUILT_PRODUCTS_DIR; };
		139FC9E52A2880E400723272 /* dolist4UITests.swift */ = {isa = PBXFileReference; lastKnownFileType = sourcecode.swift; path = dolist4UITests.swift; sourceTree = "<group>"; };
		139FC9E72A2880E400723272 /* dolist4UITestsLaunchTests.swift */ = {isa = PBXFileReference; lastKnownFileType = sourcecode.swift; path = dolist4UITestsLaunchTests.swift; sourceTree = "<group>"; };
		139FC9F52A28810D00723272 /* CoreLocation.framework */ = {isa = PBXFileReference; lastKnownFileType = wrapper.framework; name = CoreLocation.framework; path = System/Library/Frameworks/CoreLocation.framework; sourceTree = SDKROOT; };
/* End PBXFileReference section */

/* Begin PBXFrameworksBuildPhase section */
		139FC9C42A2880E300723272 /* Frameworks */ = {
			isa = PBXFrameworksBuildPhase;
			buildActionMask = 2147483647;
			files = (
				139FC9F62A28810D00723272 /* CoreLocation.framework in Frameworks */,
			);
			runOnlyForDeploymentPostprocessing = 0;
		};
		139FC9D42A2880E400723272 /* Frameworks */ = {
			isa = PBXFrameworksBuildPhase;
			buildActionMask = 2147483647;
			files = (
			);
			runOnlyForDeploymentPostprocessing = 0;
		};
		139FC9DE2A2880E400723272 /* Frameworks */ = {
			isa = PBXFrameworksBuildPhase;
			buildActionMask = 2147483647;
			files = (
			);
			runOnlyForDeploymentPostprocessing = 0;
		};
/* End PBXFrameworksBuildPhase section */

/* Begin PBXGroup section */
		139FC9BE2A2880E200723272 = {
			isa = PBXGroup;
			children = (
				139FC9C92A2880E300723272 /* dolist4 */,
				139FC9DA2A2880E400723272 /* dolist4Tests */,
				139FC9E42A2880E400723272 /* dolist4UITests */,
				139FC9C82A2880E300723272 /* Products */,
				139FC9F42A28810D00723272 /* Frameworks */,
			);
			sourceTree = "<group>";
		};
		139FC9C82A2880E300723272 /* Products */ = {
			isa = PBXGroup;
			children = (
				139FC9C72A2880E300723272 /* dolist4.app */,
				139FC9D72A2880E400723272 /* dolist4Tests.xctest */,
				139FC9E12A2880E400723272 /* dolist4UITests.xctest */,
			);
			name = Products;
			sourceTree = "<group>";
		};
		139FC9C92A2880E300723272 /* dolist4 */ = {
			isa = PBXGroup;
			children = (
				139FC9CA2A2880E300723272 /* dolist4App.swift */,
				139FC9CC2A2880E300723272 /* ContentView.swift */,
				139FC9CE2A2880E400723272 /* Assets.xcassets */,
				139FC9D02A2880E400723272 /* Preview Content */,
			);
			path = dolist4;
			sourceTree = "<group>";
		};
		139FC9D02A2880E400723272 /* Preview Content */ = {
			isa = PBXGroup;
			children = (
				139FC9D12A2880E400723272 /* Preview Assets.xcassets */,
			);
			path = "Preview Content";
			sourceTree = "<group>";
		};
		139FC9DA2A2880E400723272 /* dolist4Tests */ = {
			isa = PBXGroup;
			children = (
				139FC9DB2A2880E400723272 /* dolist4Tests.swift */,
			);
			path = dolist4Tests;
			sourceTree = "<group>";
		};
		139FC9E42A2880E400723272 /* dolist4UITests */ = {
			isa = PBXGroup;
			children = (
				139FC9E52A2880E400723272 /* dolist4UITests.swift */,
				139FC9E72A2880E400723272 /* dolist4UITestsLaunchTests.swift */,
			);
			path = dolist4UITests;
			sourceTree = "<group>";
		};
		139FC9F42A28810D00723272 /* Frameworks */ = {
			isa = PBXGroup;
			children = (
				139FC9F52A28810D00723272 /* CoreLocation.framework */,
			);
			name = Frameworks;
			sourceTree = "<group>";
		};
/* End PBXGroup section */

/* Begin PBXNativeTarget section */
		139FC9C62A2880E300723272 /* dolist4 */ = {
			isa = PBXNativeTarget;
			buildConfigurationList = 139FC9EB2A2880E400723272 /* Build configuration list for PBXNativeTarget "dolist4" */;
			buildPhases = (
				139FC9C32A2880E300723272 /* Sources */,
				139FC9C42A2880E300723272 /* Frameworks */,
				139FC9C52A2880E300723272 /* Resources */,
			);
			buildRules = (
			);
			dependencies = (
			);
			name = dolist4;
			productName = dolist4;
			productReference = 139FC9C72A2880E300723272 /* dolist4.app */;
			productType = "com.apple.product-type.application";
		};
		139FC9D62A2880E400723272 /* dolist4Tests */ = {
			isa = PBXNativeTarget;
			buildConfigurationList = 139FC9EE2A2880E400723272 /* Build configuration list for PBXNativeTarget "dolist4Tests" */;
			buildPhases = (
				139FC9D32A2880E400723272 /* Sources */,
				139FC9D42A2880E400723272 /* Frameworks */,
				139FC9D52A2880E400723272 /* Resources */,
			);
			buildRules = (
			);
			dependencies = (
				139FC9D92A2880E400723272 /* PBXTargetDependency */,
			);
			name = dolist4Tests;
			productName = dolist4Tests;
			productReference = 139FC9D72A2880E400723272 /* dolist4Tests.xctest */;
			productType = "com.apple.product-type.bundle.unit-test";
		};
		139FC9E02A2880E400723272 /* dolist4UITests */ = {
			isa = PBXNativeTarget;
			buildConfigurationList = 139FC9F12A2880E400723272 /* Build configuration list for PBXNativeTarget "dolist4UITests" */;
			buildPhases = (
				139FC9DD2A2880E400723272 /* Sources */,
				139FC9DE2A2880E400723272 /* Frameworks */,
				139FC9DF2A2880E400723272 /* Resources */,
			);
			buildRules = (
			);
			dependencies = (
				139FC9E32A2880E400723272 /* PBXTargetDependency */,
			);
			name = dolist4UITests;
			productName = dolist4UITests;
			productReference = 139FC9E12A2880E400723272 /* dolist4UITests.xctest */;
			productType = "com.apple.product-type.bundle.ui-testing";
		};
/* End PBXNativeTarget section */

/* Begin PBXProject section */
		139FC9BF2A2880E200723272 /* Project object */ = {
			isa = PBXProject;
			attributes = {
				BuildIndependentTargetsInParallel = 1;
				LastSwiftUpdateCheck = 1340;
				LastUpgradeCheck = 1340;
				TargetAttributes = {
					139FC9C62A2880E300723272 = {
						CreatedOnToolsVersion = 13.4;
					};
					139FC9D62A2880E400723272 = {
						CreatedOnToolsVersion = 13.4;
						TestTargetID = 139FC9C62A2880E300723272;
					};
					139FC9E02A2880E400723272 = {
						CreatedOnToolsVersion = 13.4;
						TestTargetID = 139FC9C62A2880E300723272;
					};
				};
			};
			buildConfigurationList = 139FC9C22A2880E200723272 /* Build configuration list for PBXProject "dolist4" */;
			compatibilityVersion = "Xcode 13.0";
			developmentRegion = en;
			hasScannedForEncodings = 0;
			knownRegions = (
				en,
				Base,
			);
			mainGroup = 139FC9BE2A2880E200723272;
			productRefGroup = 139FC9C82A2880E300723272 /* Products */;
			projectDirPath = "";
			projectRoot = "";
			targets = (
				139FC9C62A2880E300723272 /* dolist4 */,
				139FC9D62A2880E400723272 /* dolist4Tests */,
				139FC9E02A2880E400723272 /* dolist4UITests */,
			);
		};
/* End PBXProject section */

/* Begin PBXResourcesBuildPhase section */
		139FC9C52A2880E300723272 /* Resources */ = {
			isa = PBXResourcesBuildPhase;
			buildActionMask = 2147483647;
			files = (
				139FC9D22A2880E400723272 /* Preview Assets.xcassets in Resources */,
				139FC9CF2A2880E400723272 /* Assets.xcassets in Resources */,
			);
			runOnlyForDeploymentPostprocessing = 0;
		};
		139FC9D52A2880E400723272 /* Resources */ = {
			isa = PBXResourcesBuildPhase;
			buildActionMask = 2147483647;
			files = (
			);
			runOnlyForDeploymentPostprocessing = 0;
		};
		139FC9DF2A2880E400723272 /* Resources */ = {
			isa = PBXResourcesBuildPhase;
			buildActionMask = 2147483647;
			files = (
			);
			runOnlyForDeploymentPostprocessing = 0;
		};
/* End PBXResourcesBuildPhase section */

/* Begin PBXSourcesBuildPhase section */
		139FC9C32A2880E300723272 /* Sources */ = {
			isa = PBXSourcesBuildPhase;
			buildActionMask = 2147483647;
			files = (
				139FC9CD2A2880E300723272 /* ContentView.swift in Sources */,
				139FC9CB2A2880E300723272 /* dolist4App.swift in Sources */,
			);
			runOnlyForDeploymentPostprocessing = 0;
		};
		139FC9D32A2880E400723272 /* Sources */ = {
			isa = PBXSourcesBuildPhase;
			buildActionMask = 2147483647;
			files = (
				139FC9DC2A2880E400723272 /* dolist4Tests.swift in Sources */,
			);
			runOnlyForDeploymentPostprocessing = 0;
		};
		139FC9DD2A2880E400723272 /* Sources */ = {
			isa = PBXSourcesBuildPhase;
			buildActionMask = 2147483647;
			files = (
				139FC9E82A2880E400723272 /* dolist4UITestsLaunchTests.swift in Sources */,
				139FC9E62A2880E400723272 /* dolist4UITests.swift in Sources */,
			);
			runOnlyForDeploymentPostprocessing = 0;
		};
/* End PBXSourcesBuildPhase section */

/* Begin PBXTargetDependency section */
		139FC9D92A2880E400723272 /* PBXTargetDependency */ = {
			isa = PBXTargetDependency;
			target = 139FC9C62A2880E300723272 /* dolist4 */;
			targetProxy = 139FC9D82A2880E400723272 /* PBXContainerItemProxy */;
		};
		139FC9E32A2880E400723272 /* PBXTargetDependency */ = {
			isa = PBXTargetDependency;
			target = 139FC9C62A2880E300723272 /* dolist4 */;
			targetProxy = 139FC9E22A2880E400723272 /* PBXContainerItemProxy */;
		};
/* End PBXTargetDependency section */

/* Begin XCBuildConfiguration section */
		139FC9E92A2880E400723272 /* Debug */ = {
			isa = XCBuildConfiguration;
			buildSettings = {
				ALWAYS_SEARCH_USER_PATHS = NO;
				CLANG_ANALYZER_NONNULL = YES;
				CLANG_ANALYZER_NUMBER_OBJECT_CONVERSION = YES_AGGRESSIVE;
				CLANG_CXX_LANGUAGE_STANDARD = "gnu++17";
				CLANG_ENABLE_MODULES = YES;
				CLANG_ENABLE_OBJC_ARC = YES;
				CLANG_ENABLE_OBJC_WEAK = YES;
				CLANG_WARN_BLOCK_CAPTURE_AUTORELEASING = YES;
				CLANG_WARN_BOOL_CONVERSION = YES;
				CLANG_WARN_COMMA = YES;
				CLANG_WARN_CONSTANT_CONVERSION = YES;
				CLANG_WARN_DEPRECATED_OBJC_IMPLEMENTATIONS = YES;
				CLANG_WARN_DIRECT_OBJC_ISA_USAGE = YES_ERROR;
				CLANG_WARN_DOCUMENTATION_COMMENTS = YES;
				CLANG_WARN_EMPTY_BODY = YES;
				CLANG_WARN_ENUM_CONVERSION = YES;
				CLANG_WARN_INFINITE_RECURSION = YES;
				CLANG_WARN_INT_CONVERSION = YES;
				CLANG_WARN_NON_LITERAL_NULL_CONVERSION = YES;
				CLANG_WARN_OBJC_IMPLICIT_RETAIN_SELF = YES;
				CLANG_WARN_OBJC_LITERAL_CONVERSION = YES;
				CLANG_WARN_OBJC_ROOT_CLASS = YES_ERROR;
				CLANG_WARN_QUOTED_INCLUDE_IN_FRAMEWORK_HEADER = YES;
				CLANG_WARN_RANGE_LOOP_ANALYSIS = YES;
				CLANG_WARN_STRICT_PROTOTYPES = YES;
				CLANG_WARN_SUSPICIOUS_MOVE = YES;
				CLANG_WARN_UNGUARDED_AVAILABILITY = YES_AGGRESSIVE;
				CLANG_WARN_UNREACHABLE_CODE = YES;
				CLANG_WARN__DUPLICATE_METHOD_MATCH = YES;
				COPY_PHASE_STRIP = NO;
				DEBUG_INFORMATION_FORMAT = dwarf;
				ENABLE_STRICT_OBJC_MSGSEND = YES;
				ENABLE_TESTABILITY = YES;
				GCC_C_LANGUAGE_STANDARD = gnu11;
				GCC_DYNAMIC_NO_PIC = NO;
				GCC_NO_COMMON_BLOCKS = YES;
				GCC_OPTIMIZATION_LEVEL = 0;
				GCC_PREPROCESSOR_DEFINITIONS = (
					"DEBUG=1",
					"$(inherited)",
				);
				GCC_WARN_64_TO_32_BIT_CONVERSION = YES;
				GCC_WARN_ABOUT_RETURN_TYPE = YES_ERROR;
				GCC_WARN_UNDECLARED_SELECTOR = YES;
				GCC_WARN_UNINITIALIZED_AUTOS = YES_AGGRESSIVE;
				GCC_WARN_UNUSED_FUNCTION = YES;
				GCC_WARN_UNUSED_VARIABLE = YES;
				IPHONEOS_DEPLOYMENT_TARGET = 15.5;
				MTL_ENABLE_DEBUG_INFO = INCLUDE_SOURCE;
				MTL_FAST_MATH = YES;
				ONLY_ACTIVE_ARCH = YES;
				SDKROOT = iphoneos;
				SWIFT_ACTIVE_COMPILATION_CONDITIONS = DEBUG;
				SWIFT_OPTIMIZATION_LEVEL = "-Onone";
			};
			name = Debug;
		};
		139FC9EA2A2880E400723272 /* Release */ = {
			isa = XCBuildConfiguration;
			buildSettings = {
				ALWAYS_SEARCH_USER_PATHS = NO;
				CLANG_ANALYZER_NONNULL = YES;
				CLANG_ANALYZER_NUMBER_OBJECT_CONVERSION = YES_AGGRESSIVE;
				CLANG_CXX_LANGUAGE_STANDARD = "gnu++17";
				CLANG_ENABLE_MODULES = YES;
				CLANG_ENABLE_OBJC_ARC = YES;
				CLANG_ENABLE_OBJC_WEAK = YES;
				CLANG_WARN_BLOCK_CAPTURE_AUTORELEASING = YES;
				CLANG_WARN_BOOL_CONVERSION = YES;
				CLANG_WARN_COMMA = YES;
				CLANG_WARN_CONSTANT_CONVERSION = YES;
				CLANG_WARN_DEPRECATED_OBJC_IMPLEMENTATIONS = YES;
				CLANG_WARN_DIRECT_OBJC_ISA_USAGE = YES_ERROR;
				CLANG_WARN_DOCUMENTATION_COMMENTS = YES;
				CLANG_WARN_EMPTY_BODY = YES;
				CLANG_WARN_ENUM_CONVERSION = YES;
				CLANG_WARN_INFINITE_RECURSION = YES;
				CLANG_WARN_INT_CONVERSION = YES;
				CLANG_WARN_NON_LITERAL_NULL_CONVERSION = YES;
				CLANG_WARN_OBJC_IMPLICIT_RETAIN_SELF = YES;
				CLANG_WARN_OBJC_LITERAL_CONVERSION = YES;
				CLANG_WARN_OBJC_ROOT_CLASS = YES_ERROR;
				CLANG_WARN_QUOTED_INCLUDE_IN_FRAMEWORK_HEADER = YES;
				CLANG_WARN_RANGE_LOOP_ANALYSIS = YES;
				CLANG_WARN_STRICT_PROTOTYPES = YES;
				CLANG_WARN_SUSPICIOUS_MOVE = YES;
				CLANG_WARN_UNGUARDED_AVAILABILITY = YES_AGGRESSIVE;
				CLANG_WARN_UNREACHABLE_CODE = YES;
				CLANG_WARN__DUPLICATE_METHOD_MATCH = YES;
				COPY_PHASE_STRIP = NO;
				DEBUG_INFORMATION_FORMAT = "dwarf-with-dsym";
				ENABLE_NS_ASSERTIONS = NO;
				ENABLE_STRICT_OBJC_MSGSEND = YES;
				GCC_C_LANGUAGE_STANDARD = gnu11;
				GCC_NO_COMMON_BLOCKS = YES;
				GCC_WARN_64_TO_32_BIT_CONVERSION = YES;
				GCC_WARN_ABOUT_RETURN_TYPE = YES_ERROR;
				GCC_WARN_UNDECLARED_SELECTOR = YES;
				GCC_WARN_UNINITIALIZED_AUTOS = YES_AGGRESSIVE;
				GCC_WARN_UNUSED_FUNCTION = YES;
				GCC_WARN_UNUSED_VARIABLE = YES;
				IPHONEOS_DEPLOYMENT_TARGET = 15.5;
				MTL_ENABLE_DEBUG_INFO = NO;
				MTL_FAST_MATH = YES;
				SDKROOT = iphoneos;
				SWIFT_COMPILATION_MODE = wholemodule;
				SWIFT_OPTIMIZATION_LEVEL = "-O";
				VALIDATE_PRODUCT = YES;
			};
			name = Release;
		};
		139FC9EC2A2880E400723272 /* Debug */ = {
			isa = XCBuildConfiguration;
			buildSettings = {
				ASSETCATALOG_COMPILER_APPICON_NAME = AppIcon;
				ASSETCATALOG_COMPILER_GLOBAL_ACCENT_COLOR_NAME = AccentColor;
				CODE_SIGN_STYLE = Automatic;
				CURRENT_PROJECT_VERSION = 1;
				DEVELOPMENT_ASSET_PATHS = "\"dolist4/Preview Content\"";
				DEVELOPMENT_TEAM = QS73LRK99S;
				ENABLE_PREVIEWS = YES;
				GENERATE_INFOPLIST_FILE = YES;
				INFOPLIST_KEY_NSLocationAlwaysAndWhenInUseUsageDescription = "";
				INFOPLIST_KEY_NSLocationWhenInUseUsageDescription = "";
				INFOPLIST_KEY_UIApplicationSceneManifest_Generation = YES;
				INFOPLIST_KEY_UIApplicationSupportsIndirectInputEvents = YES;
				INFOPLIST_KEY_UILaunchScreen_Generation = YES;
				INFOPLIST_KEY_UISupportedInterfaceOrientations_iPad = "UIInterfaceOrientationPortrait UIInterfaceOrientationPortraitUpsideDown UIInterfaceOrientationLandscapeLeft UIInterfaceOrientationLandscapeRight";
				INFOPLIST_KEY_UISupportedInterfaceOrientations_iPhone = "UIInterfaceOrientationPortrait UIInterfaceOrientationLandscapeLeft UIInterfaceOrientationLandscapeRight";
				LD_RUNPATH_SEARCH_PATHS = (
					"$(inherited)",
					"@executable_path/Frameworks",
				);
				MARKETING_VERSION = 1.0;
				PRODUCT_BUNDLE_IDENTIFIER = hikingbook.dolist4;
				PRODUCT_NAME = "$(TARGET_NAME)";
				SWIFT_EMIT_LOC_STRINGS = YES;
				SWIFT_VERSION = 5.0;
				TARGETED_DEVICE_FAMILY = "1,2";
			};
			name = Debug;
		};
		139FC9ED2A2880E400723272 /* Release */ = {
			isa = XCBuildConfiguration;
			buildSettings = {
				ASSETCATALOG_COMPILER_APPICON_NAME = AppIcon;
				ASSETCATALOG_COMPILER_GLOBAL_ACCENT_COLOR_NAME = AccentColor;
				CODE_SIGN_STYLE = Automatic;
				CURRENT_PROJECT_VERSION = 1;
				DEVELOPMENT_ASSET_PATHS = "\"dolist4/Preview Content\"";
				DEVELOPMENT_TEAM = QS73LRK99S;
				ENABLE_PREVIEWS = YES;
				GENERATE_INFOPLIST_FILE = YES;
				INFOPLIST_KEY_NSLocationAlwaysAndWhenInUseUsageDescription = "";
				INFOPLIST_KEY_NSLocationWhenInUseUsageDescription = "";
				INFOPLIST_KEY_UIApplicationSceneManifest_Generation = YES;
				INFOPLIST_KEY_UIApplicationSupportsIndirectInputEvents = YES;
				INFOPLIST_KEY_UILaunchScreen_Generation = YES;
				INFOPLIST_KEY_UISupportedInterfaceOrientations_iPad = "UIInterfaceOrientationPortrait UIInterfaceOrientationPortraitUpsideDown UIInterfaceOrientationLandscapeLeft UIInterfaceOrientationLandscapeRight";
				INFOPLIST_KEY_UISupportedInterfaceOrientations_iPhone = "UIInterfaceOrientationPortrait UIInterfaceOrientationLandscapeLeft UIInterfaceOrientationLandscapeRight";
				LD_RUNPATH_SEARCH_PATHS = (
					"$(inherited)",
					"@executable_path/Frameworks",
				);
				MARKETING_VERSION = 1.0;
				PRODUCT_BUNDLE_IDENTIFIER = hikingbook.dolist4;
				PRODUCT_NAME = "$(TARGET_NAME)";
				SWIFT_EMIT_LOC_STRINGS = YES;
				SWIFT_VERSION = 5.0;
				TARGETED_DEVICE_FAMILY = "1,2";
			};
			name = Release;
		};
		139FC9EF2A2880E400723272 /* Debug */ = {
			isa = XCBuildConfiguration;
			buildSettings = {
				ALWAYS_EMBED_SWIFT_STANDARD_LIBRARIES = YES;
				BUNDLE_LOADER = "$(TEST_HOST)";
				CODE_SIGN_STYLE = Automatic;
				CURRENT_PROJECT_VERSION = 1;
				DEVELOPMENT_TEAM = QS73LRK99S;
				GENERATE_INFOPLIST_FILE = YES;
				IPHONEOS_DEPLOYMENT_TARGET = 15.5;
				MARKETING_VERSION = 1.0;
				PRODUCT_BUNDLE_IDENTIFIER = hikingbook.dolist4Tests;
				PRODUCT_NAME = "$(TARGET_NAME)";
				SWIFT_EMIT_LOC_STRINGS = NO;
				SWIFT_VERSION = 5.0;
				TARGETED_DEVICE_FAMILY = "1,2";
				TEST_HOST = "$(BUILT_PRODUCTS_DIR)/dolist4.app/dolist4";
			};
			name = Debug;
		};
		139FC9F02A2880E400723272 /* Release */ = {
			isa = XCBuildConfiguration;
			buildSettings = {
				ALWAYS_EMBED_SWIFT_STANDARD_LIBRARIES = YES;
				BUNDLE_LOADER = "$(TEST_HOST)";
				CODE_SIGN_STYLE = Automatic;
				CURRENT_PROJECT_VERSION = 1;
				DEVELOPMENT_TEAM = QS73LRK99S;
				GENERATE_INFOPLIST_FILE = YES;
				IPHONEOS_DEPLOYMENT_TARGET = 15.5;
				MARKETING_VERSION = 1.0;
				PRODUCT_BUNDLE_IDENTIFIER = hikingbook.dolist4Tests;
				PRODUCT_NAME = "$(TARGET_NAME)";
				SWIFT_EMIT_LOC_STRINGS = NO;
				SWIFT_VERSION = 5.0;
				TARGETED_DEVICE_FAMILY = "1,2";
				TEST_HOST = "$(BUILT_PRODUCTS_DIR)/dolist4.app/dolist4";
			};
			name = Release;
		};
		139FC9F22A2880E400723272 /* Debug */ = {
			isa = XCBuildConfiguration;
			buildSettings = {
				ALWAYS_EMBED_SWIFT_STANDARD_LIBRARIES = YES;
				CODE_SIGN_STYLE = Automatic;
				CURRENT_PROJECT_VERSION = 1;
				DEVELOPMENT_TEAM = QS73LRK99S;
				GENERATE_INFOPLIST_FILE = YES;
				MARKETING_VERSION = 1.0;
				PRODUCT_BUNDLE_IDENTIFIER = hikingbook.dolist4UITests;
				PRODUCT_NAME = "$(TARGET_NAME)";
				SWIFT_EMIT_LOC_STRINGS = NO;
				SWIFT_VERSION = 5.0;
				TARGETED_DEVICE_FAMILY = "1,2";
				TEST_TARGET_NAME = dolist4;
			};
			name = Debug;
		};
		139FC9F32A2880E400723272 /* Release */ = {
			isa = XCBuildConfiguration;
			buildSettings = {
				ALWAYS_EMBED_SWIFT_STANDARD_LIBRARIES = YES;
				CODE_SIGN_STYLE = Automatic;
				CURRENT_PROJECT_VERSION = 1;
				DEVELOPMENT_TEAM = QS73LRK99S;
				GENERATE_INFOPLIST_FILE = YES;
				MARKETING_VERSION = 1.0;
				PRODUCT_BUNDLE_IDENTIFIER = hikingbook.dolist4UITests;
				PRODUCT_NAME = "$(TARGET_NAME)";
				SWIFT_EMIT_LOC_STRINGS = NO;
				SWIFT_VERSION = 5.0;
				TARGETED_DEVICE_FAMILY = "1,2";
				TEST_TARGET_NAME = dolist4;
			};
			name = Release;
		};
/* End XCBuildConfiguration section */

/* Begin XCConfigurationList section */
		139FC9C22A2880E200723272 /* Build configuration list for PBXProject "dolist4" */ = {
			isa = XCConfigurationList;
			buildConfigurations = (
				139FC9E92A2880E400723272 /* Debug */,
				139FC9EA2A2880E400723272 /* Release */,
			);
			defaultConfigurationIsVisible = 0;
			defaultConfigurationName = Release;
		};
		139FC9EB2A2880E400723272 /* Build configuration list for PBXNativeTarget "dolist4" */ = {
			isa = XCConfigurationList;
			buildConfigurations = (
				139FC9EC2A2880E400723272 /* Debug */,
				139FC9ED2A2880E400723272 /* Release */,
			);
			defaultConfigurationIsVisible = 0;
			defaultConfigurationName = Release;
		};
		139FC9EE2A2880E400723272 /* Build configuration list for PBXNativeTarget "dolist4Tests" */ = {
			isa = XCConfigurationList;
			buildConfigurations = (
				139FC9EF2A2880E400723272 /* Debug */,
				139FC9F02A2880E400723272 /* Release */,
			);
			defaultConfigurationIsVisible = 0;
			defaultConfigurationName = Release;
		};
		139FC9F12A2880E400723272 /* Build configuration list for PBXNativeTarget "dolist4UITests" */ = {
			isa = XCConfigurationList;
			buildConfigurations = (
				139FC9F22A2880E400723272 /* Debug */,
				139FC9F32A2880E400723272 /* Release */,
			);
			defaultConfigurationIsVisible = 0;
			defaultConfigurationName = Release;
		};
/* End XCConfigurationList section */
	};
	rootObject = 139FC9BF2A2880E200723272 /* Project object */;
}
